
Microsoft Visual Studio Solution File, Format Version 12.00
# Visual Studio Version 16
VisualStudioVersion = 16.0.32002.261
MinimumVisualStudioVersion = 10.0.40219.1
Project("{FAE04EC0-301F-11D3-BF4B-00C04F79EFBC}") = "ConsoleApp11", "ConsoleApp11\ConsoleApp11.csproj", "{AAC7A1D0-388B-4578-8B26-B42FF580160D}"
EndProject
Global
	GlobalSection(SolutionConfigurationPlatforms) = preSolution
		Debug|Any CPU = Debug|Any CPU
		Release|Any CPU = Release|Any CPU
	EndGlobalSection
	GlobalSection(ProjectConfigurationPlatforms) = postSolution
		{AAC7A1D0-388B-4578-8B26-B42FF580160D}.Debug|Any CPU.ActiveCfg = Debug|Any CPU
		{AAC7A1D0-388B-4578-8B26-B42FF580160D}.Debug|Any CPU.Build.0 = Debug|Any CPU
		{AAC7A1D0-388B-4578-8B26-B42FF580160D}.Release|Any CPU.ActiveCfg = Release|Any CPU
		{AAC7A1D0-388B-4578-8B26-B42FF580160D}.Release|Any CPU.Build.0 = Release|Any CPU
	EndGlobalSection
	GlobalSection(SolutionProperties) = preSolution
		HideSolutionNode = FALSE
	EndGlobalSection
	GlobalSection(ExtensibilityGlobals) = postSolution
		SolutionGuid = {90BFBA9E-1E16-45AE-9E37-1A991CB2DF32}
	EndGlobalSection
EndGlobal
